{
  "originHash" : "936030fc0b10553ccd8762fbdd55fe1f2bf4de8fe9a5f8bee844e62fe943e0f8",
  "pins" : [
    {
      "identity" : "scrollviewswipeactions",
      "kind" : "remoteSourceControl",
      "location" : "https://github.com/epoyatodev/ScrollViewSwipeActions",
      "state" : {
        "branch" : "main",
        "revision" : "eb3fe491549289db304ece4dcb8fa863954d1d54"
      }
    }
  ],
  "version" : 3
}
